// !$*UTF8*$!
{
	archiveVersion = 1;
	classes = {
	};
	objectVersion = 46;
	objects = {

/* Begin PBXBuildFile section */
		1876CFD41C42591A0076548A /* main.m in Sources */ = {isa = PBXBuildFile; fileRef = 1876CFD31C42591A0076548A /* main.m */; };
		1876CFD71C42591A0076548A /* AppDelegate.m in Sources */ = {isa = PBXBuildFile; fileRef = 1876CFD61C42591A0076548A /* AppDelegate.m */; };
		1876CFDA1C42591A0076548A /* ViewController.m in Sources */ = {isa = PBXBuildFile; fileRef = 1876CFD91C42591A0076548A /* ViewController.m */; };
		1876CFDD1C42591A0076548A /* Main.storyboard in Resources */ = {isa = PBXBuildFile; fileRef = 1876CFDB1C42591A0076548A /* Main.storyboard */; };
		1876CFDF1C42591A0076548A /* Assets.xcassets in Resources */ = {isa = PBXBuildFile; fileRef = 1876CFDE1C42591A0076548A /* Assets.xcassets */; };
		1876CFE21C42591A0076548A /* LaunchScreen.storyboard in Resources */ = {isa = PBXBuildFile; fileRef = 1876CFE01C42591A0076548A /* LaunchScreen.storyboard */; };
/* End PBXBuildFile section */

/* Begin PBXFileReference section */
		1876CFCF1C42591A0076548A /* layer的形变.app */ = {isa = PBXFileReference; explicitFileType = wrapper.application; includeInIndex = 0; path = "layer的形变.app"; sourceTree = BUILT_PRODUCTS_DIR; };
		1876CFD31C42591A0076548A /* main.m */ = {isa = PBXFileReference; lastKnownFileType = sourcecode.c.objc; path = main.m; sourceTree = "<group>"; };
		1876CFD51C42591A0076548A /* AppDelegate.h */ = {isa = PBXFileReference; lastKnownFileType = sourcecode.c.h; path = AppDelegate.h; sourceTree = "<group>"; };
		1876CFD61C42591A0076548A /* AppDelegate.m */ = {isa = PBXFileReference; lastKnownFileType = sourcecode.c.objc; path = AppDelegate.m; sourceTree = "<group>"; };
		1876CFD81C42591A0076548A /* ViewController.h */ = {isa = PBXFileReference; lastKnownFileType = sourcecode.c.h; path = ViewController.h; sourceTree = "<group>"; };
		1876CFD91C42591A0076548A /* ViewController.m */ = {isa = PBXFileReference; lastKnownFileType = sourcecode.c.objc; path = ViewController.m; sourceTree = "<group>"; };
		1876CFDC1C42591A0076548A /* Base */ = {isa = PBXFileReference; lastKnownFileType = file.storyboard; name = Base; path = Base.lproj/Main.storyboard; sourceTree = "<group>"; };
		1876CFDE1C42591A0076548A /* Assets.xcassets */ = {isa = PBXFileReference; lastKnownFileType = folder.assetcatalog; path = Assets.xcassets; sourceTree = "<group>"; };
		1876CFE11C42591A0076548A /* Base */ = {isa = PBXFileReference; lastKnownFileType = file.storyboard; name = Base; path = Base.lproj/LaunchScreen.storyboard; sourceTree = "<group>"; };
		1876CFE31C42591A0076548A /* Info.plist */ = {isa = PBXFileReference; lastKnownFileType = text.plist.xml; path = Info.plist; sourceTree = "<group>"; };
/* End PBXFileReference section */

/* Begin PBXFrameworksBuildPhase section */
		1876CFCC1C42591A0076548A /* Frameworks */ = {
			isa = PBXFrameworksBuildPhase;
			buildActionMask = 2147483647;
			files = (
			);
			runOnlyForDeploymentPostprocessing = 0;
		};
/* End PBXFrameworksBuildPhase section */

/* Begin PBXGroup section */
		1876CFC61C42591A0076548A = {
			isa = PBXGroup;
			children = (
				1876CFD11C42591A0076548A /* layer的形变 */,
				1876CFD01C42591A0076548A /* Products */,
			);
			sourceTree = "<group>";
		};
		1876CFD01C42591A0076548A /* Products */ = {
			isa = PBXGroup;
			children = (
				1876CFCF1C42591A0076548A /* layer的形变.app */,
			);
			name = Products;
			sourceTree = "<group>";
		};
		1876CFD11C42591A0076548A /* layer的形变 */ = {
			isa = PBXGroup;
			children = (
				1876CFD51C42591A0076548A /* AppDelegate.h */,
				1876CFD61C42591A0076548A /* AppDelegate.m */,
				1876CFD81C42591A0076548A /* ViewController.h */,
				1876CFD91C42591A0076548A /* ViewController.m */,
				1876CFDB1C42591A0076548A /* Main.storyboard */,
				1876CFDE1C42591A0076548A /* Assets.xcassets */,
				1876CFE01C42591A0076548A /* LaunchScreen.storyboard */,
				1876CFE31C42591A0076548A /* Info.plist */,
				1876CFD21C42591A0076548A /* Supporting Files */,
			);
			path = "layer的形变";
			sourceTree = "<group>";
		};
		1876CFD21C42591A0076548A /* Supporting Files */ = {
			isa = PBXGroup;
			children = (
				1876CFD31C42591A0076548A /* main.m */,
			);
			name = "Supporting Files";
			sourceTree = "<group>";
		};
/* End PBXGroup section */

/* Begin PBXNativeTarget section */
		1876CFCE1C42591A0076548A /* layer的形变 */ = {
			isa = PBXNativeTarget;
			buildConfigurationList = 1876CFE61C42591A0076548A /* Build configuration list for PBXNativeTarget "layer的形变" */;
			buildPhases = (
				1876CFCB1C42591A0076548A /* Sources */,
				1876CFCC1C42591A0076548A /* Frameworks */,
				1876CFCD1C42591A0076548A /* Resources */,
			);
			buildRules = (
			);
			dependencies = (
			);
			name = "layer的形变";
			productName = "layer的形变";
			productReference = 1876CFCF1C42591A0076548A /* layer的形变.app */;
			productType = "com.apple.product-type.application";
		};
/* End PBXNativeTarget section */

/* Begin PBXProject section */
		1876CFC71C42591A0076548A /* Project object */ = {
			isa = PBXProject;
			attributes = {
				LastUpgradeCheck = 0720;
				ORGANIZATIONNAME = ZZY;
				TargetAttributes = {
					1876CFCE1C42591A0076548A = {
						CreatedOnToolsVersion = 7.2;
						DevelopmentTeam = 7R5X3C7UD7;
					};
				};
			};
			buildConfigurationList = 1876CFCA1C42591A0076548A /* Build configuration list for PBXProject "layer的形变" */;
			compatibilityVersion = "Xcode 3.2";
			developmentRegion = English;
			hasScannedForEncodings = 0;
			knownRegions = (
				en,
				Base,
			);
			mainGroup = 1876CFC61C42591A0076548A;
			productRefGroup = 1876CFD01C42591A0076548A /* Products */;
			projectDirPath = "";
			projectRoot = "";
			targets = (
				1876CFCE1C42591A0076548A /* layer的形变 */,
			);
		};
/* End PBXProject section */

/* Begin PBXResourcesBuildPhase section */
		1876CFCD1C42591A0076548A /* Resources */ = {
			isa = PBXResourcesBuildPhase;
			buildActionMask = 2147483647;
			files = (
				1876CFE21C42591A0076548A /* LaunchScreen.storyboard in Resources */,
				1876CFDF1C42591A0076548A /* Assets.xcassets in Resources */,
				1876CFDD1C42591A0076548A /* Main.storyboard in Resources */,
			);
			runOnlyForDeploymentPostprocessing = 0;
		};
/* End PBXResourcesBuildPhase section */

/* Begin PBXSourcesBuildPhase section */
		1876CFCB1C42591A0076548A /* Sources */ = {
			isa = PBXSourcesBuildPhase;
			buildActionMask = 2147483647;
			files = (
				1876CFDA1C42591A0076548A /* ViewController.m in Sources */,
				1876CFD71C42591A0076548A /* AppDelegate.m in Sources */,
				1876CFD41C42591A0076548A /* main.m in Sources */,
			);
			runOnlyForDeploymentPostprocessing = 0;
		};
/* End PBXSourcesBuildPhase section */

/* Begin PBXVariantGroup section */
		1876CFDB1C42591A0076548A /* Main.storyboard */ = {
			isa = PBXVariantGroup;
			children = (
				1876CFDC1C42591A0076548A /* Base */,
			);
			name = Main.storyboard;
			sourceTree = "<group>";
		};
		1876CFE01C42591A0076548A /* LaunchScreen.storyboard */ = {
			isa = PBXVariantGroup;
			children = (
				1876CFE11C42591A0076548A /* Base */,
			);
			name = LaunchScreen.storyboard;
			sourceTree = "<group>";
		};
/* End PBXVariantGroup section */

/* Begin XCBuildConfiguration section */
		1876CFE41C42591A0076548A /* Debug */ = {
			isa = XCBuildConfiguration;
			buildSettings = {
				ALWAYS_SEARCH_USER_PATHS = NO;
				CLANG_CXX_LANGUAGE_STANDARD = "gnu++0x";
				CLANG_CXX_LIBRARY = "libc++";
				CLANG_ENABLE_MODULES = YES;
				CLANG_ENABLE_OBJC_ARC = YES;
				CLANG_WARN_BOOL_CONVERSION = YES;
				CLANG_WARN_CONSTANT_CONVERSION = YES;
				CLANG_WARN_DIRECT_OBJC_ISA_USAGE = YES_ERROR;
				CLANG_WARN_EMPTY_BODY = YES;
				CLANG_WARN_ENUM_CONVERSION = YES;
				CLANG_WARN_INT_CONVERSION = YES;
				CLANG_WARN_OBJC_ROOT_CLASS = YES_ERROR;
				CLANG_WARN_UNREACHABLE_CODE = YES;
				CLANG_WARN__DUPLICATE_METHOD_MATCH = YES;
				"CODE_SIGN_IDENTITY[sdk=iphoneos*]" = "iPhone Developer";
				COPY_PHASE_STRIP = NO;
				DEBUG_INFORMATION_FORMAT = dwarf;
				ENABLE_STRICT_OBJC_MSGSEND = YES;
				ENABLE_TESTABILITY = YES;
				GCC_C_LANGUAGE_STANDARD = gnu99;
				GCC_DYNAMIC_NO_PIC = NO;
				GCC_NO_COMMON_BLOCKS = YES;
				GCC_OPTIMIZATION_LEVEL = 0;
				GCC_PREPROCESSOR_DEFINITIONS = (
					"DEBUG=1",
					"$(inherited)",
				);
				GCC_WARN_64_TO_32_BIT_CONVERSION = YES;
				GCC_WARN_ABOUT_RETURN_TYPE = YES_ERROR;
				GCC_WARN_UNDECLARED_SELECTOR = YES;
				GCC_WARN_UNINITIALIZED_AUTOS = YES_AGGRESSIVE;
				GCC_WARN_UNUSED_FUNCTION = YES;
				GCC_WARN_UNUSED_VARIABLE = YES;
				IPHONEOS_DEPLOYMENT_TARGET = 9.2;
				MTL_ENABLE_DEBUG_INFO = YES;
				ONLY_ACTIVE_ARCH = YES;
				SDKROOT = iphoneos;
			};
			name = Debug;
		};
		1876CFE51C42591A0076548A /* Release */ = {
			isa = XCBuildConfiguration;
			buildSettings = {
				ALWAYS_SEARCH_USER_PATHS = NO;
				CLANG_CXX_LANGUAGE_STANDARD = "gnu++0x";
				CLANG_CXX_LIBRARY = "libc++";
				CLANG_ENABLE_MODULES = YES;
				CLANG_ENABLE_OBJC_ARC = YES;
				CLANG_WARN_BOOL_CONVERSION = YES;
				CLANG_WARN_CONSTANT_CONVERSION = YES;
				CLANG_WARN_DIRECT_OBJC_ISA_USAGE = YES_ERROR;
				CLANG_WARN_EMPTY_BODY = YES;
				CLANG_WARN_ENUM_CONVERSION = YES;
				CLANG_WARN_INT_CONVERSION = YES;
				CLANG_WARN_OBJC_ROOT_CLASS = YES_ERROR;
				CLANG_WARN_UNREACHABLE_CODE = YES;
				CLANG_WARN__DUPLICATE_METHOD_MATCH = YES;
				"CODE_SIGN_IDENTITY[sdk=iphoneos*]" = "iPhone Developer";
				COPY_PHASE_STRIP = NO;
				DEBUG_INFORMATION_FORMAT = "dwarf-with-dsym";
				ENABLE_NS_ASSERTIONS = NO;
				ENABLE_STRICT_OBJC_MSGSEND = YES;
				GCC_C_LANGUAGE_STANDARD = gnu99;
				GCC_NO_COMMON_BLOCKS = YES;
				GCC_WARN_64_TO_32_BIT_CONVERSION = YES;
				GCC_WARN_ABOUT_RETURN_TYPE = YES_ERROR;
				GCC_WARN_UNDECLARED_SELECTOR = YES;
				GCC_WARN_UNINITIALIZED_AUTOS = YES_AGGRESSIVE;
				GCC_WARN_UNUSED_FUNCTION = YES;
				GCC_WARN_UNUSED_VARIABLE = YES;
				IPHONEOS_DEPLOYMENT_TARGET = 9.2;
				MTL_ENABLE_DEBUG_INFO = NO;
				SDKROOT = iphoneos;
				VALIDATE_PRODUCT = YES;
			};
			name = Release;
		};
		1876CFE71C42591A0076548A /* Debug */ = {
			isa = XCBuildConfiguration;
			buildSettings = {
				ASSETCATALOG_COMPILER_APPICON_NAME = AppIcon;
				INFOPLIST_FILE = "layer的形变/Info.plist";
				LD_RUNPATH_SEARCH_PATHS = "$(inherited) @executable_path/Frameworks";
				PRODUCT_BUNDLE_IDENTIFIER = "ZZY.layer---";
				PRODUCT_NAME = "$(TARGET_NAME)";
			};
			name = Debug;
		};
		1876CFE81C42591A0076548A /* Release */ = {
			isa = XCBuildConfiguration;
			buildSettings = {
				ASSETCATALOG_COMPILER_APPICON_NAME = AppIcon;
				INFOPLIST_FILE = "layer的形变/Info.plist";
				LD_RUNPATH_SEARCH_PATHS = "$(inherited) @executable_path/Frameworks";
				PRODUCT_BUNDLE_IDENTIFIER = "ZZY.layer---";
				PRODUCT_NAME = "$(TARGET_NAME)";
			};
			name = Release;
		};
/* End XCBuildConfiguration section */

/* Begin XCConfigurationList section */
		1876CFCA1C42591A0076548A /* Build configuration list for PBXProject "layer的形变" */ = {
			isa = XCConfigurationList;
			buildConfigurations = (
				1876CFE41C42591A0076548A /* Debug */,
				1876CFE51C42591A0076548A /* Release */,
			);
			defaultConfigurationIsVisible = 0;
			defaultConfigurationName = Release;
		};
		1876CFE61C42591A0076548A /* Build configuration list for PBXNativeTarget "layer的形变" */ = {
			isa = XCConfigurationList;
			buildConfigurations = (
				1876CFE71C42591A0076548A /* Debug */,
				1876CFE81C42591A0076548A /* Release */,
			);
			defaultConfigurationIsVisible = 0;
		};
/* End XCConfigurationList section */
	};
	rootObject = 1876CFC71C42591A0076548A /* Project object */;
}
